
Microsoft Visual Studio Solution File, Format Version 12.00
# Visual Studio Version 16
VisualStudioVersion = 16.0.30611.23
MinimumVisualStudioVersion = 10.0.40219.1
Project("{FAE04EC0-301F-11D3-BF4B-00C04F79EFBC}") = "Admin", "AdminQLKetQuaHocTap\Admin.csproj", "{B2EF091F-BF7B-44F8-90E8-8A0597380719}"
EndProject
Global
	GlobalSection(SolutionConfigurationPlatforms) = preSolution
		Debug|Any CPU = Debug|Any CPU
		Debug|x64 = Debug|x64
		Release|Any CPU = Release|Any CPU
		Release|x64 = Release|x64
	EndGlobalSection
	GlobalSection(ProjectConfigurationPlatforms) = postSolution
		{B2EF091F-BF7B-44F8-90E8-8A0597380719}.Debug|Any CPU.ActiveCfg = Debug|Any CPU
		{B2EF091F-BF7B-44F8-90E8-8A0597380719}.Debug|Any CPU.Build.0 = Debug|Any CPU
		{B2EF091F-BF7B-44F8-90E8-8A0597380719}.Debug|x64.ActiveCfg = Debug|x64
		{B2EF091F-BF7B-44F8-90E8-8A0597380719}.Debug|x64.Build.0 = Debug|x64
		{B2EF091F-BF7B-44F8-90E8-8A0597380719}.Release|Any CPU.ActiveCfg = Release|Any CPU
		{B2EF091F-BF7B-44F8-90E8-8A0597380719}.Release|Any CPU.Build.0 = Release|Any CPU
		{B2EF091F-BF7B-44F8-90E8-8A0597380719}.Release|x64.ActiveCfg = Release|x64
		{B2EF091F-BF7B-44F8-90E8-8A0597380719}.Release|x64.Build.0 = Release|x64
	EndGlobalSection
	GlobalSection(SolutionProperties) = preSolution
		HideSolutionNode = FALSE
	EndGlobalSection
	GlobalSection(ExtensibilityGlobals) = postSolution
		SolutionGuid = {CEB7880F-C5E7-4269-8C61-0233F1D023FF}
	EndGlobalSection
EndGlobal
